<Solution>
  <Configurations>
    <Platform Name="x64" />
  </Configurations>
  <Project Path="core/core.vcxproj" Id="0c5bb758-5a09-4d96-bbbc-5f03d3512b58" />
  <Folder Name="/app/">
    <Project Path="app/Pengu/Pengu.csproj" />
    <Project Path="app/Pengu.Gen/Pengu.Gen.csproj" />
    <Project Path="app/Pengu.Windows/Pengu.Windows.csproj" />
    <Project Path="app/Pengu.MacOS/Pengu.MacOS.csproj" />
  </Folder>
</Solution>
