<?xml version="1.0" encoding="utf-8"?>
<Project ToolsVersion="4.0" xmlns="http://schemas.microsoft.com/developer/msbuild/2003">
  <ItemGroup>
    <Filter Include="src">
      <UniqueIdentifier>{4FC737F1-C7A5-4376-A066-2A32D752A2FF}</UniqueIdentifier>
      <Extensions>cpp;c;cc;cxx;def;odl;idl;hpj;bat;asm;asmx</Extensions>
    </Filter>
    <Filter Include="res">
      <UniqueIdentifier>{f7fb3482-8bb9-4289-8727-31c4e42d8158}</UniqueIdentifier>
    </Filter>
    <Filter Include="src\browser">
      <UniqueIdentifier>{dfeda954-1c41-4771-8da2-c733492503fa}</UniqueIdentifier>
    </Filter>
    <Filter Include="src\renderer">
      <UniqueIdentifier>{d97c7ba6-93de-4f95-81f6-e18b2c0ba005}</UniqueIdentifier>
    </Filter>
    <Filter Include="src\utils">
      <UniqueIdentifier>{e0b1c27d-cfeb-41e1-87e3-5f64c8ddc7fd}</UniqueIdentifier>
    </Filter>
  </ItemGroup>
  <ItemGroup>
    <ClCompile Include="src\dllmain.cc">
      <Filter>src</Filter>
    </ClCompile>
    <ClCompile Include="src\libcef.cc">
      <Filter>src</Filter>
    </ClCompile>
    <ClCompile Include="src\browser\assets.cc">
      <Filter>src\browser</Filter>
    </ClCompile>
    <ClCompile Include="src\browser\browser.cc">
      <Filter>src\browser</Filter>
    </ClCompile>
    <ClCompile Include="src\browser\devtools.cc">
      <Filter>src\browser</Filter>
    </ClCompile>
    <ClCompile Include="src\browser\riotclient.cc">
      <Filter>src\browser</Filter>
    </ClCompile>
    <ClCompile Include="src\config.cc">
      <Filter>src</Filter>
    </ClCompile>
    <ClCompile Include="src\renderer\effects.cc">
      <Filter>src\renderer</Filter>
    </ClCompile>
    <ClCompile Include="src\renderer\loader.cc">
      <Filter>src\renderer</Filter>
    </ClCompile>
    <ClCompile Include="src\renderer\renderer.cc">
      <Filter>src\renderer</Filter>
    </ClCompile>
    <ClCompile Include="src\utils\file.cc">
      <Filter>src\utils</Filter>
    </ClCompile>
    <ClCompile Include="src\utils\string.cc">
      <Filter>src\utils</Filter>
    </ClCompile>
    <ClCompile Include="src\utils\misc.cc">
      <Filter>src\utils</Filter>
    </ClCompile>
    <ClCompile Include="src\renderer\datastore.cc">
      <Filter>src\renderer</Filter>
    </ClCompile>
    <ClCompile Include="src\utils\cefstr.cc">
      <Filter>src\utils</Filter>
    </ClCompile>
    <ClCompile Include="src\browser\window.cc">
      <Filter>src\browser</Filter>
    </ClCompile>
    <ClCompile Include="src\browser\server.cc">
      <Filter>src\browser</Filter>
    </ClCompile>
    <ClCompile Include="src\renderer\auth_callback.cc">
      <Filter>src\renderer</Filter>
    </ClCompile>
    <ClCompile Include="src\browser\jsdialog.cc">
      <Filter>src\browser</Filter>
    </ClCompile>
    <ClCompile Include="src\dllproxy.cc">
      <Filter>src</Filter>
    </ClCompile>
  </ItemGroup>
  <ItemGroup>
    <None Include="src\renderer\extension.js">
      <Filter>src\renderer</Filter>
    </None>
    <None Include="res\module.def">
      <Filter>res</Filter>
    </None>
  </ItemGroup>
  <ItemGroup>
    <ClInclude Include="src\internal.h">
      <Filter>src</Filter>
    </ClInclude>
    <ClInclude Include="src\hook.h">
      <Filter>src</Filter>
    </ClInclude>
  </ItemGroup>
  <ItemGroup>
    <ResourceCompile Include="res\resource.rc">
      <Filter>res</Filter>
    </ResourceCompile>
  </ItemGroup>
</Project>