lockfileVersion: 5.4

specifiers:
  '@types/node': ^18.14.0
  sass: ^1.58.3
  typescript: ^4.9.5
  vite: ^4.1.1
  vite-plugin-mkcert: ^1.13.0

devDependencies:
  '@types/node': 18.14.4
  sass: 1.58.3
  typescript: 4.9.5
  vite: 4.1.4_ljrjoypxov5se64ibfjelu4vsu
  vite-plugin-mkcert: 1.13.3_vite@4.1.4

packages:

  /@esbuild/android-arm/0.16.17:
    resolution: {integrity: sha512-N9x1CMXVhtWEAMS7pNNONyA14f71VPQN9Cnavj1XQh6T7bskqiLLrSca4O0Vr8Wdcga943eThxnVp3JLnBMYtw==}
    engines: {node: '>=12'}
    cpu: [arm]
    os: [android]
    requiresBuild: true
    dev: true
    optional: true

  /@esbuild/android-arm64/0.16.17:
    resolution: {integrity: sha512-MIGl6p5sc3RDTLLkYL1MyL8BMRN4tLMRCn+yRJJmEDvYZ2M7tmAf80hx1kbNEUX2KJ50RRtxZ4JHLvCfuB6kBg==}
    engines: {node: '>=12'}
    cpu: [arm64]
    os: [android]
    requiresBuild: true
    dev: true
    optional: true

  /@esbuild/android-x64/0.16.17:
    resolution: {integrity: sha512-a3kTv3m0Ghh4z1DaFEuEDfz3OLONKuFvI4Xqczqx4BqLyuFaFkuaG4j2MtA6fuWEFeC5x9IvqnX7drmRq/fyAQ==}
    engines: {node: '>=12'}
    cpu: [x64]
    os: [android]
    requiresBuild: true
    dev: true
    optional: true

  /@esbuild/darwin-arm64/0.16.17:
    resolution: {integrity: sha512-/2agbUEfmxWHi9ARTX6OQ/KgXnOWfsNlTeLcoV7HSuSTv63E4DqtAc+2XqGw1KHxKMHGZgbVCZge7HXWX9Vn+w==}
    engines: {node: '>=12'}
    cpu: [arm64]
    os: [darwin]
    requiresBuild: true
    dev: true
    optional: true

  /@esbuild/darwin-x64/0.16.17:
    resolution: {integrity: sha512-2By45OBHulkd9Svy5IOCZt376Aa2oOkiE9QWUK9fe6Tb+WDr8hXL3dpqi+DeLiMed8tVXspzsTAvd0jUl96wmg==}
    engines: {node: '>=12'}
    cpu: [x64]
    os: [darwin]
    requiresBuild: true
    dev: true
    optional: true

  /@esbuild/freebsd-arm64/0.16.17:
    resolution: {integrity: sha512-mt+cxZe1tVx489VTb4mBAOo2aKSnJ33L9fr25JXpqQqzbUIw/yzIzi+NHwAXK2qYV1lEFp4OoVeThGjUbmWmdw==}
    engines: {node: '>=12'}
    cpu: [arm64]
    os: [freebsd]
    requiresBuild: true
    dev: true
    optional: true

  /@esbuild/freebsd-x64/0.16.17:
    resolution: {integrity: sha512-8ScTdNJl5idAKjH8zGAsN7RuWcyHG3BAvMNpKOBaqqR7EbUhhVHOqXRdL7oZvz8WNHL2pr5+eIT5c65kA6NHug==}
    engines: {node: '>=12'}
    cpu: [x64]
    os: [freebsd]
    requiresBuild: true
    dev: true
    optional: true

  /@esbuild/linux-arm/0.16.17:
    resolution: {integrity: sha512-iihzrWbD4gIT7j3caMzKb/RsFFHCwqqbrbH9SqUSRrdXkXaygSZCZg1FybsZz57Ju7N/SHEgPyaR0LZ8Zbe9gQ==}
    engines: {node: '>=12'}
    cpu: [arm]
    os: [linux]
    requiresBuild: true
    dev: true
    optional: true

  /@esbuild/linux-arm64/0.16.17:
    resolution: {integrity: sha512-7S8gJnSlqKGVJunnMCrXHU9Q8Q/tQIxk/xL8BqAP64wchPCTzuM6W3Ra8cIa1HIflAvDnNOt2jaL17vaW+1V0g==}
    engines: {node: '>=12'}
    cpu: [arm64]
    os: [linux]
    requiresBuild: true
    dev: true
    optional: true

  /@esbuild/linux-ia32/0.16.17:
    resolution: {integrity: sha512-kiX69+wcPAdgl3Lonh1VI7MBr16nktEvOfViszBSxygRQqSpzv7BffMKRPMFwzeJGPxcio0pdD3kYQGpqQ2SSg==}
    engines: {node: '>=12'}
    cpu: [ia32]
    os: [linux]
    requiresBuild: true
    dev: true
    optional: true

  /@esbuild/linux-loong64/0.16.17:
    resolution: {integrity: sha512-dTzNnQwembNDhd654cA4QhbS9uDdXC3TKqMJjgOWsC0yNCbpzfWoXdZvp0mY7HU6nzk5E0zpRGGx3qoQg8T2DQ==}
    engines: {node: '>=12'}
    cpu: [loong64]
    os: [linux]
    requiresBuild: true
    dev: true
    optional: true

  /@esbuild/linux-mips64el/0.16.17:
    resolution: {integrity: sha512-ezbDkp2nDl0PfIUn0CsQ30kxfcLTlcx4Foz2kYv8qdC6ia2oX5Q3E/8m6lq84Dj/6b0FrkgD582fJMIfHhJfSw==}
    engines: {node: '>=12'}
    cpu: [mips64el]
    os: [linux]
    requiresBuild: true
    dev: true
    optional: true

  /@esbuild/linux-ppc64/0.16.17:
    resolution: {integrity: sha512-dzS678gYD1lJsW73zrFhDApLVdM3cUF2MvAa1D8K8KtcSKdLBPP4zZSLy6LFZ0jYqQdQ29bjAHJDgz0rVbLB3g==}
    engines: {node: '>=12'}
    cpu: [ppc64]
    os: [linux]
    requiresBuild: true
    dev: true
    optional: true

  /@esbuild/linux-riscv64/0.16.17:
    resolution: {integrity: sha512-ylNlVsxuFjZK8DQtNUwiMskh6nT0vI7kYl/4fZgV1llP5d6+HIeL/vmmm3jpuoo8+NuXjQVZxmKuhDApK0/cKw==}
    engines: {node: '>=12'}
    cpu: [riscv64]
    os: [linux]
    requiresBuild: true
    dev: true
    optional: true

  /@esbuild/linux-s390x/0.16.17:
    resolution: {integrity: sha512-gzy7nUTO4UA4oZ2wAMXPNBGTzZFP7mss3aKR2hH+/4UUkCOyqmjXiKpzGrY2TlEUhbbejzXVKKGazYcQTZWA/w==}
    engines: {node: '>=12'}
    cpu: [s390x]
    os: [linux]
    requiresBuild: true
    dev: true
    optional: true

  /@esbuild/linux-x64/0.16.17:
    resolution: {integrity: sha512-mdPjPxfnmoqhgpiEArqi4egmBAMYvaObgn4poorpUaqmvzzbvqbowRllQ+ZgzGVMGKaPkqUmPDOOFQRUFDmeUw==}
    engines: {node: '>=12'}
    cpu: [x64]
    os: [linux]
    requiresBuild: true
    dev: true
    optional: true

  /@esbuild/netbsd-x64/0.16.17:
    resolution: {integrity: sha512-/PzmzD/zyAeTUsduZa32bn0ORug+Jd1EGGAUJvqfeixoEISYpGnAezN6lnJoskauoai0Jrs+XSyvDhppCPoKOA==}
    engines: {node: '>=12'}
    cpu: [x64]
    os: [netbsd]
    requiresBuild: true
    dev: true
    optional: true

  /@esbuild/openbsd-x64/0.16.17:
    resolution: {integrity: sha512-2yaWJhvxGEz2RiftSk0UObqJa/b+rIAjnODJgv2GbGGpRwAfpgzyrg1WLK8rqA24mfZa9GvpjLcBBg8JHkoodg==}
    engines: {node: '>=12'}
    cpu: [x64]
    os: [openbsd]
    requiresBuild: true
    dev: true
    optional: true

  /@esbuild/sunos-x64/0.16.17:
    resolution: {integrity: sha512-xtVUiev38tN0R3g8VhRfN7Zl42YCJvyBhRKw1RJjwE1d2emWTVToPLNEQj/5Qxc6lVFATDiy6LjVHYhIPrLxzw==}
    engines: {node: '>=12'}
    cpu: [x64]
    os: [sunos]
    requiresBuild: true
    dev: true
    optional: true

  /@esbuild/win32-arm64/0.16.17:
    resolution: {integrity: sha512-ga8+JqBDHY4b6fQAmOgtJJue36scANy4l/rL97W+0wYmijhxKetzZdKOJI7olaBaMhWt8Pac2McJdZLxXWUEQw==}
    engines: {node: '>=12'}
    cpu: [arm64]
    os: [win32]
    requiresBuild: true
    dev: true
    optional: true

  /@esbuild/win32-ia32/0.16.17:
    resolution: {integrity: sha512-WnsKaf46uSSF/sZhwnqE4L/F89AYNMiD4YtEcYekBt9Q7nj0DiId2XH2Ng2PHM54qi5oPrQ8luuzGszqi/veig==}
    engines: {node: '>=12'}
    cpu: [ia32]
    os: [win32]
    requiresBuild: true
    dev: true
    optional: true

  /@esbuild/win32-x64/0.16.17:
    resolution: {integrity: sha512-y+EHuSchhL7FjHgvQL/0fnnFmO4T1bhvWANX6gcnqTjtnKWbTvUMCpGnv2+t+31d7RzyEAYAd4u2fnIhHL6N/Q==}
    engines: {node: '>=12'}
    cpu: [x64]
    os: [win32]
    requiresBuild: true
    dev: true
    optional: true

  /@octokit/auth-token/3.0.3:
    resolution: {integrity: sha512-/aFM2M4HVDBT/jjDBa84sJniv1t9Gm/rLkalaz9htOm+L+8JMj1k9w0CkUdcxNyNxZPlTxKPVko+m1VlM58ZVA==}
    engines: {node: '>= 14'}
    dependencies:
      '@octokit/types': 9.0.0
    dev: true

  /@octokit/core/4.2.0:
    resolution: {integrity: sha512-AgvDRUg3COpR82P7PBdGZF/NNqGmtMq2NiPqeSsDIeCfYFOZ9gddqWNQHnFdEUf+YwOj4aZYmJnlPp7OXmDIDg==}
    engines: {node: '>= 14'}
    dependencies:
      '@octokit/auth-token': 3.0.3
      '@octokit/graphql': 5.0.5
      '@octokit/request': 6.2.3
      '@octokit/request-error': 3.0.3
      '@octokit/types': 9.0.0
      before-after-hook: 2.2.3
      universal-user-agent: 6.0.0
    transitivePeerDependencies:
      - encoding
    dev: true

  /@octokit/endpoint/7.0.5:
    resolution: {integrity: sha512-LG4o4HMY1Xoaec87IqQ41TQ+glvIeTKqfjkCEmt5AIwDZJwQeVZFIEYXrYY6yLwK+pAScb9Gj4q+Nz2qSw1roA==}
    engines: {node: '>= 14'}
    dependencies:
      '@octokit/types': 9.0.0
      is-plain-object: 5.0.0
      universal-user-agent: 6.0.0
    dev: true

  /@octokit/graphql/5.0.5:
    resolution: {integrity: sha512-Qwfvh3xdqKtIznjX9lz2D458r7dJPP8l6r4GQkIdWQouZwHQK0mVT88uwiU2bdTU2OtT1uOlKpRciUWldpG0yQ==}
    engines: {node: '>= 14'}
    dependencies:
      '@octokit/request': 6.2.3
      '@octokit/types': 9.0.0
      universal-user-agent: 6.0.0
    transitivePeerDependencies:
      - encoding
    dev: true

  /@octokit/openapi-types/16.0.0:
    resolution: {integrity: sha512-JbFWOqTJVLHZSUUoF4FzAZKYtqdxWu9Z5m2QQnOyEa04fOFljvyh7D3GYKbfuaSWisqehImiVIMG4eyJeP5VEA==}
    dev: true

  /@octokit/plugin-paginate-rest/6.0.0_@octokit+core@4.2.0:
    resolution: {integrity: sha512-Sq5VU1PfT6/JyuXPyt04KZNVsFOSBaYOAq2QRZUwzVlI10KFvcbUo8lR258AAQL1Et60b0WuVik+zOWKLuDZxw==}
    engines: {node: '>= 14'}
    peerDependencies:
      '@octokit/core': '>=4'
    dependencies:
      '@octokit/core': 4.2.0
      '@octokit/types': 9.0.0
    dev: true

  /@octokit/plugin-request-log/1.0.4_@octokit+core@4.2.0:
    resolution: {integrity: sha512-mLUsMkgP7K/cnFEw07kWqXGF5LKrOkD+lhCrKvPHXWDywAwuDUeDwWBpc69XK3pNX0uKiVt8g5z96PJ6z9xCFA==}
    peerDependencies:
      '@octokit/core': '>=3'
    dependencies:
      '@octokit/core': 4.2.0
    dev: true

  /@octokit/plugin-rest-endpoint-methods/7.0.1_@octokit+core@4.2.0:
    resolution: {integrity: sha512-pnCaLwZBudK5xCdrR823xHGNgqOzRnJ/mpC/76YPpNP7DybdsJtP7mdOwh+wYZxK5jqeQuhu59ogMI4NRlBUvA==}
    engines: {node: '>= 14'}
    peerDependencies:
      '@octokit/core': '>=3'
    dependencies:
      '@octokit/core': 4.2.0
      '@octokit/types': 9.0.0
      deprecation: 2.3.1
    dev: true

  /@octokit/request-error/3.0.3:
    resolution: {integrity: sha512-crqw3V5Iy2uOU5Np+8M/YexTlT8zxCfI+qu+LxUB7SZpje4Qmx3mub5DfEKSO8Ylyk0aogi6TYdf6kxzh2BguQ==}
    engines: {node: '>= 14'}
    dependencies:
      '@octokit/types': 9.0.0
      deprecation: 2.3.1
      once: 1.4.0
    dev: true

  /@octokit/request/6.2.3:
    resolution: {integrity: sha512-TNAodj5yNzrrZ/VxP+H5HiYaZep0H3GU0O7PaF+fhDrt8FPrnkei9Aal/txsN/1P7V3CPiThG0tIvpPDYUsyAA==}
    engines: {node: '>= 14'}
    dependencies:
      '@octokit/endpoint': 7.0.5
      '@octokit/request-error': 3.0.3
      '@octokit/types': 9.0.0
      is-plain-object: 5.0.0
      node-fetch: 2.6.9
      universal-user-agent: 6.0.0
    transitivePeerDependencies:
      - encoding
    dev: true

  /@octokit/rest/19.0.7:
    resolution: {integrity: sha512-HRtSfjrWmWVNp2uAkEpQnuGMJsu/+dBr47dRc5QVgsCbnIc1+GFEaoKBWkYG+zjrsHpSqcAElMio+n10c0b5JA==}
    engines: {node: '>= 14'}
    dependencies:
      '@octokit/core': 4.2.0
      '@octokit/plugin-paginate-rest': 6.0.0_@octokit+core@4.2.0
      '@octokit/plugin-request-log': 1.0.4_@octokit+core@4.2.0
      '@octokit/plugin-rest-endpoint-methods': 7.0.1_@octokit+core@4.2.0
    transitivePeerDependencies:
      - encoding
    dev: true

  /@octokit/types/9.0.0:
    resolution: {integrity: sha512-LUewfj94xCMH2rbD5YJ+6AQ4AVjFYTgpp6rboWM5T7N3IsIF65SBEOVcYMGAEzO/kKNiNaW4LoWtoThOhH06gw==}
    dependencies:
      '@octokit/openapi-types': 16.0.0
    dev: true

  /@types/node/18.14.4:
    resolution: {integrity: sha512-VhCw7I7qO2X49+jaKcAUwi3rR+hbxT5VcYF493+Z5kMLI0DL568b7JI4IDJaxWFH0D/xwmGJNoXisyX+w7GH/g==}
    dev: true

  /anymatch/3.1.3:
    resolution: {integrity: sha512-KMReFUr0B4t+D+OBkjR3KYqvocp2XaSzO55UcB6mgQMd3KbcE+mWTyvVV7D/zsdEbNnV6acZUutkiHQXvTr1Rw==}
    engines: {node: '>= 8'}
    dependencies:
      normalize-path: 3.0.0
      picomatch: 2.3.1
    dev: true

  /asynckit/0.4.0:
    resolution: {integrity: sha512-Oei9OH4tRh0YqU3GxhX79dM/mwVgvbZJaSNaRk+bshkj0S5cfHcgYakreBjrHwatXKbz+IoIdYLxrKim2MjW0Q==}
    dev: true

  /axios/1.3.4_debug@4.3.4:
    resolution: {integrity: sha512-toYm+Bsyl6VC5wSkfkbbNB6ROv7KY93PEBBL6xyDczaIHasAiv4wPqQ/c4RjoQzipxRD2W5g21cOqQulZ7rHwQ==}
    dependencies:
      follow-redirects: 1.15.2_debug@4.3.4
      form-data: 4.0.0
      proxy-from-env: 1.1.0
    transitivePeerDependencies:
      - debug
    dev: true

  /before-after-hook/2.2.3:
    resolution: {integrity: sha512-NzUnlZexiaH/46WDhANlyR2bXRopNg4F/zuSA3OpZnllCUgRaOF2znDioDWrmbNVsuZk6l9pMquQB38cfBZwkQ==}
    dev: true

  /binary-extensions/2.2.0:
    resolution: {integrity: sha512-jDctJ/IVQbZoJykoeHbhXpOlNBqGNcwXJKJog42E5HDPUwQTSdjCHdihjj0DlnheQ7blbT6dHOafNAiS8ooQKA==}
    engines: {node: '>=8'}
    dev: true

  /braces/3.0.2:
    resolution: {integrity: sha512-b8um+L1RzM3WDSzvhm6gIz1yfTbBt6YTlcEKAvsmqCZZFw46z626lVj9j1yEPW33H5H+lBQpZMP1k8l+78Ha0A==}
    engines: {node: '>=8'}
    dependencies:
      fill-range: 7.0.1
    dev: true

  /chokidar/3.5.3:
    resolution: {integrity: sha512-Dr3sfKRP6oTcjf2JmUmFJfeVMvXBdegxB0iVQ5eb2V10uFJUCAS8OByZdVAyVb8xXNz3GjjTgj9kLWsZTqE6kw==}
    engines: {node: '>= 8.10.0'}
    dependencies:
      anymatch: 3.1.3
      braces: 3.0.2
      glob-parent: 5.1.2
      is-binary-path: 2.1.0
      is-glob: 4.0.3
      normalize-path: 3.0.0
      readdirp: 3.6.0
    optionalDependencies:
      fsevents: 2.3.2
    dev: true

  /combined-stream/1.0.8:
    resolution: {integrity: sha512-FQN4MRfuJeHf7cBbBMJFXhKSDq+2kAArBlmRBvcvFE5BB1HZKXtSFASDhdlz9zOYwxh8lDdnvmMOe/+5cdoEdg==}
    engines: {node: '>= 0.8'}
    dependencies:
      delayed-stream: 1.0.0
    dev: true

  /debug/4.3.4:
    resolution: {integrity: sha512-PRWFHuSU3eDtQJPvnNY7Jcket1j0t5OuOsFzPPzsekD52Zl8qUfFIPEiswXqIvHWGVHOgX+7G/vCNNhehwxfkQ==}
    engines: {node: '>=6.0'}
    peerDependencies:
      supports-color: '*'
    peerDependenciesMeta:
      supports-color:
        optional: true
    dependencies:
      ms: 2.1.2
    dev: true

  /delayed-stream/1.0.0:
    resolution: {integrity: sha512-ZySD7Nf91aLB0RxL4KGrKHBXl7Eds1DAmEdcoVawXnLD7SDhpNgtuII2aAkg7a7QS41jxPSZ17p4VdGnMHk3MQ==}
    engines: {node: '>=0.4.0'}
    dev: true

  /deprecation/2.3.1:
    resolution: {integrity: sha512-xmHIy4F3scKVwMsQ4WnVaS8bHOx0DmVwRywosKhaILI0ywMDWPtBSku2HNxRvF7jtwDRsoEwYQSfbxj8b7RlJQ==}
    dev: true

  /esbuild/0.16.17:
    resolution: {integrity: sha512-G8LEkV0XzDMNwXKgM0Jwu3nY3lSTwSGY6XbxM9cr9+s0T/qSV1q1JVPBGzm3dcjhCic9+emZDmMffkwgPeOeLg==}
    engines: {node: '>=12'}
    hasBin: true
    requiresBuild: true
    optionalDependencies:
      '@esbuild/android-arm': 0.16.17
      '@esbuild/android-arm64': 0.16.17
      '@esbuild/android-x64': 0.16.17
      '@esbuild/darwin-arm64': 0.16.17
      '@esbuild/darwin-x64': 0.16.17
      '@esbuild/freebsd-arm64': 0.16.17
      '@esbuild/freebsd-x64': 0.16.17
      '@esbuild/linux-arm': 0.16.17
      '@esbuild/linux-arm64': 0.16.17
      '@esbuild/linux-ia32': 0.16.17
      '@esbuild/linux-loong64': 0.16.17
      '@esbuild/linux-mips64el': 0.16.17
      '@esbuild/linux-ppc64': 0.16.17
      '@esbuild/linux-riscv64': 0.16.17
      '@esbuild/linux-s390x': 0.16.17
      '@esbuild/linux-x64': 0.16.17
      '@esbuild/netbsd-x64': 0.16.17
      '@esbuild/openbsd-x64': 0.16.17
      '@esbuild/sunos-x64': 0.16.17
      '@esbuild/win32-arm64': 0.16.17
      '@esbuild/win32-ia32': 0.16.17
      '@esbuild/win32-x64': 0.16.17
    dev: true

  /fill-range/7.0.1:
    resolution: {integrity: sha512-qOo9F+dMUmC2Lcb4BbVvnKJxTPjCm+RRpe4gDuGrzkL7mEVl/djYSu2OdQ2Pa302N4oqkSg9ir6jaLWJ2USVpQ==}
    engines: {node: '>=8'}
    dependencies:
      to-regex-range: 5.0.1
    dev: true

  /follow-redirects/1.15.2_debug@4.3.4:
    resolution: {integrity: sha512-VQLG33o04KaQ8uYi2tVNbdrWp1QWxNNea+nmIB4EVM28v0hmP17z7aG1+wAkNzVq4KeXTq3221ye5qTJP91JwA==}
    engines: {node: '>=4.0'}
    peerDependencies:
      debug: '*'
    peerDependenciesMeta:
      debug:
        optional: true
    dependencies:
      debug: 4.3.4
    dev: true

  /form-data/4.0.0:
    resolution: {integrity: sha512-ETEklSGi5t0QMZuiXoA/Q6vcnxcLQP5vdugSpuAyi6SVGi2clPPp+xgEhuMaHC+zGgn31Kd235W35f7Hykkaww==}
    engines: {node: '>= 6'}
    dependencies:
      asynckit: 0.4.0
      combined-stream: 1.0.8
      mime-types: 2.1.35
    dev: true

  /fsevents/2.3.2:
    resolution: {integrity: sha512-xiqMQR4xAeHTuB9uWm+fFRcIOgKBMiOBP+eXiyT7jsgVCq1bkVygt00oASowB7EdtpOHaaPgKt812P9ab+DDKA==}
    engines: {node: ^8.16.0 || ^10.6.0 || >=11.0.0}
    os: [darwin]
    requiresBuild: true
    dev: true
    optional: true

  /function-bind/1.1.1:
    resolution: {integrity: sha512-yIovAzMX49sF8Yl58fSCWJ5svSLuaibPxXQJFLmBObTuCr0Mf1KiPopGM9NiFjiYBCbfaa2Fh6breQ6ANVTI0A==}
    dev: true

  /glob-parent/5.1.2:
    resolution: {integrity: sha512-AOIgSQCepiJYwP3ARnGx+5VnTu2HBYdzbGP45eLw1vr3zB3vZLeyed1sC9hnbcOc9/SrMyM5RPQrkGz4aS9Zow==}
    engines: {node: '>= 6'}
    dependencies:
      is-glob: 4.0.3
    dev: true

  /has/1.0.3:
    resolution: {integrity: sha512-f2dvO0VU6Oej7RkWJGrehjbzMAjFp5/VKPp5tTpWIV4JHHZK1/BxbFRtf/siA2SWTe09caDmVtYYzWEIbBS4zw==}
    engines: {node: '>= 0.4.0'}
    dependencies:
      function-bind: 1.1.1
    dev: true

  /immutable/4.2.4:
    resolution: {integrity: sha512-WDxL3Hheb1JkRN3sQkyujNlL/xRjAo3rJtaU5xeufUauG66JdMr32bLj4gF+vWl84DIA3Zxw7tiAjneYzRRw+w==}
    dev: true

  /is-binary-path/2.1.0:
    resolution: {integrity: sha512-ZMERYes6pDydyuGidse7OsHxtbI7WVeUEozgR/g7rd0xUimYNlvZRE/K2MgZTjWy725IfelLeVcEM97mmtRGXw==}
    engines: {node: '>=8'}
    dependencies:
      binary-extensions: 2.2.0
    dev: true

  /is-core-module/2.11.0:
    resolution: {integrity: sha512-RRjxlvLDkD1YJwDbroBHMb+cukurkDWNyHx7D3oNB5x9rb5ogcksMC5wHCadcXoo67gVr/+3GFySh3134zi6rw==}
    dependencies:
      has: 1.0.3
    dev: true

  /is-extglob/2.1.1:
    resolution: {integrity: sha512-SbKbANkN603Vi4jEZv49LeVJMn4yGwsbzZworEoyEiutsN3nJYdbO36zfhGJ6QEDpOZIFkDtnq5JRxmvl3jsoQ==}
    engines: {node: '>=0.10.0'}
    dev: true

  /is-glob/4.0.3:
    resolution: {integrity: sha512-xelSayHH36ZgE7ZWhli7pW34hNbNl8Ojv5KVmkJD4hBdD3th8Tfk9vYasLM+mXWOZhFkgZfxhLSnrwRr4elSSg==}
    engines: {node: '>=0.10.0'}
    dependencies:
      is-extglob: 2.1.1
    dev: true

  /is-number/7.0.0:
    resolution: {integrity: sha512-41Cifkg6e8TylSpdtTpeLVMqvSBEVzTttHvERD741+pnZ8ANv0004MRL43QKPDlK9cGvNp6NZWZUBlbGXYxxng==}
    engines: {node: '>=0.12.0'}
    dev: true

  /is-plain-object/5.0.0:
    resolution: {integrity: sha512-VRSzKkbMm5jMDoKLbltAkFQ5Qr7VDiTFGXxYFXXowVj387GeGNOCsOH6Msy00SGZ3Fp84b1Naa1psqgcCIEP5Q==}
    engines: {node: '>=0.10.0'}
    dev: true

  /mime-db/1.52.0:
    resolution: {integrity: sha512-sPU4uV7dYlvtWJxwwxHD0PuihVNiE7TyAbQ5SWxDCB9mUYvOgroQOwYQQOKPJ8CIbE+1ETVlOoK1UC2nU3gYvg==}
    engines: {node: '>= 0.6'}
    dev: true

  /mime-types/2.1.35:
    resolution: {integrity: sha512-ZDY+bPm5zTTF+YpCrAU9nK0UgICYPT0QtT1NZWFv4s++TNkcgVaT0g6+4R2uI4MjQjzysHB1zxuWL50hzaeXiw==}
    engines: {node: '>= 0.6'}
    dependencies:
      mime-db: 1.52.0
    dev: true

  /ms/2.1.2:
    resolution: {integrity: sha512-sGkPx+VjMtmA6MX27oA4FBFELFCZZ4S4XqeGOXCv68tT+jb3vk/RyaKWP0PTKyWtmLSM0b+adUTEvbs1PEaH2w==}
    dev: true

  /nanoid/3.3.4:
    resolution: {integrity: sha512-MqBkQh/OHTS2egovRtLk45wEyNXwF+cokD+1YPf9u5VfJiRdAiRwB2froX5Co9Rh20xs4siNPm8naNotSD6RBw==}
    engines: {node: ^10 || ^12 || ^13.7 || ^14 || >=15.0.1}
    hasBin: true
    dev: true

  /node-fetch/2.6.9:
    resolution: {integrity: sha512-DJm/CJkZkRjKKj4Zi4BsKVZh3ValV5IR5s7LVZnW+6YMh0W1BfNA8XSs6DLMGYlId5F3KnA70uu2qepcR08Qqg==}
    engines: {node: 4.x || >=6.0.0}
    peerDependencies:
      encoding: ^0.1.0
    peerDependenciesMeta:
      encoding:
        optional: true
    dependencies:
      whatwg-url: 5.0.0
    dev: true

  /normalize-path/3.0.0:
    resolution: {integrity: sha512-6eZs5Ls3WtCisHWp9S2GUy8dqkpGi4BVSz3GaqiE6ezub0512ESztXUwUB6C6IKbQkY2Pnb/mD4WYojCRwcwLA==}
    engines: {node: '>=0.10.0'}
    dev: true

  /once/1.4.0:
    resolution: {integrity: sha512-lNaJgI+2Q5URQBkccEKHTQOPaXdUxnZZElQTZY0MFUAuaEqe1E+Nyvgdz/aIyNi6Z9MzO5dv1H8n58/GELp3+w==}
    dependencies:
      wrappy: 1.0.2
    dev: true

  /path-parse/1.0.7:
    resolution: {integrity: sha512-LDJzPVEEEPR+y48z93A0Ed0yXb8pAByGWo/k5YYdYgpY2/2EsOsksJrq7lOHxryrVOn1ejG6oAp8ahvOIQD8sw==}
    dev: true

  /picocolors/1.0.0:
    resolution: {integrity: sha512-1fygroTLlHu66zi26VoTDv8yRgm0Fccecssto+MhsZ0D/DGW2sm8E8AjW7NU5VVTRt5GxbeZ5qBuJr+HyLYkjQ==}
    dev: true

  /picomatch/2.3.1:
    resolution: {integrity: sha512-JU3teHTNjmE2VCGFzuY8EXzCDVwEqB2a8fsIvwaStHhAWJEeVd1o1QD80CU6+ZdEXXSLbSsuLwJjkCBWqRQUVA==}
    engines: {node: '>=8.6'}
    dev: true

  /postcss/8.4.21:
    resolution: {integrity: sha512-tP7u/Sn/dVxK2NnruI4H9BG+x+Wxz6oeZ1cJ8P6G/PZY0IKk4k/63TDsQf2kQq3+qoJeLm2kIBUNlZe3zgb4Zg==}
    engines: {node: ^10 || ^12 || >=14}
    dependencies:
      nanoid: 3.3.4
      picocolors: 1.0.0
      source-map-js: 1.0.2
    dev: true

  /proxy-from-env/1.1.0:
    resolution: {integrity: sha512-D+zkORCbA9f1tdWRK0RaCR3GPv50cMxcrz4X8k5LTSUD1Dkw47mKJEZQNunItRTkWwgtaUSo1RVFRIG9ZXiFYg==}
    dev: true

  /readdirp/3.6.0:
    resolution: {integrity: sha512-hOS089on8RduqdbhvQ5Z37A0ESjsqz6qnRcffsMU3495FuTdqSm+7bhJ29JvIOsBDEEnan5DPu9t3To9VRlMzA==}
    engines: {node: '>=8.10.0'}
    dependencies:
      picomatch: 2.3.1
    dev: true

  /resolve/1.22.1:
    resolution: {integrity: sha512-nBpuuYuY5jFsli/JIs1oldw6fOQCBioohqWZg/2hiaOybXOft4lonv85uDOKXdf8rhyK159cxU5cDcK/NKk8zw==}
    hasBin: true
    dependencies:
      is-core-module: 2.11.0
      path-parse: 1.0.7
      supports-preserve-symlinks-flag: 1.0.0
    dev: true

  /rollup/3.18.0:
    resolution: {integrity: sha512-J8C6VfEBjkvYPESMQYxKHxNOh4A5a3FlP+0BETGo34HEcE4eTlgCrO2+eWzlu2a/sHs2QUkZco+wscH7jhhgWg==}
    engines: {node: '>=14.18.0', npm: '>=8.0.0'}
    hasBin: true
    optionalDependencies:
      fsevents: 2.3.2
    dev: true

  /sass/1.58.3:
    resolution: {integrity: sha512-Q7RaEtYf6BflYrQ+buPudKR26/lH+10EmO9bBqbmPh/KeLqv8bjpTNqxe71ocONqXq+jYiCbpPUmQMS+JJPk4A==}
    engines: {node: '>=12.0.0'}
    hasBin: true
    dependencies:
      chokidar: 3.5.3
      immutable: 4.2.4
      source-map-js: 1.0.2
    dev: true

  /source-map-js/1.0.2:
    resolution: {integrity: sha512-R0XvVJ9WusLiqTCEiGCmICCMplcCkIwwR11mOSD9CR5u+IXYdiseeEuXCVAjS54zqwkLcPNnmU4OeJ6tUrWhDw==}
    engines: {node: '>=0.10.0'}
    dev: true

  /supports-preserve-symlinks-flag/1.0.0:
    resolution: {integrity: sha512-ot0WnXS9fgdkgIcePe6RHNk1WA8+muPa6cSjeR3V8K27q9BB1rTE3R1p7Hv0z1ZyAc8s6Vvv8DIyWf681MAt0w==}
    engines: {node: '>= 0.4'}
    dev: true

  /to-regex-range/5.0.1:
    resolution: {integrity: sha512-65P7iz6X5yEr1cwcgvQxbbIw7Uk3gOy5dIdtZ4rDveLqhrdJP+Li/Hx6tyK0NEb+2GCyneCMJiGqrADCSNk8sQ==}
    engines: {node: '>=8.0'}
    dependencies:
      is-number: 7.0.0
    dev: true

  /tr46/0.0.3:
    resolution: {integrity: sha512-N3WMsuqV66lT30CrXNbEjx4GEwlow3v6rr4mCcv6prnfwhS01rkgyFdjPNBYd9br7LpXV1+Emh01fHnq2Gdgrw==}
    dev: true

  /typescript/4.9.5:
    resolution: {integrity: sha512-1FXk9E2Hm+QzZQ7z+McJiHL4NW1F2EzMu9Nq9i3zAaGqibafqYwCVU6WyWAuyQRRzOlxou8xZSyXLEN8oKj24g==}
    engines: {node: '>=4.2.0'}
    hasBin: true
    dev: true

  /universal-user-agent/6.0.0:
    resolution: {integrity: sha512-isyNax3wXoKaulPDZWHQqbmIx1k2tb9fb3GGDBRxCscfYV2Ch7WxPArBsFEG8s/safwXTT7H4QGhaIkTp9447w==}
    dev: true

  /vite-plugin-mkcert/1.13.3_vite@4.1.4:
    resolution: {integrity: sha512-cuAbOb6bHyTMhha9YimL6ZB/WoCcFy8d3uaf5n5Ovgybix1yvEu3pxARy2HjC5LJIS1qq6fFXG0+oj6/XMUapA==}
    engines: {node: '>=v16.7.0'}
    peerDependencies:
      vite: '>=3'
    dependencies:
      '@octokit/rest': 19.0.7
      axios: 1.3.4_debug@4.3.4
      debug: 4.3.4
      picocolors: 1.0.0
      vite: 4.1.4_ljrjoypxov5se64ibfjelu4vsu
    transitivePeerDependencies:
      - encoding
      - supports-color
    dev: true

  /vite/4.1.4_ljrjoypxov5se64ibfjelu4vsu:
    resolution: {integrity: sha512-3knk/HsbSTKEin43zHu7jTwYWv81f8kgAL99G5NWBcA1LKvtvcVAC4JjBH1arBunO9kQka+1oGbrMKOjk4ZrBg==}
    engines: {node: ^14.18.0 || >=16.0.0}
    hasBin: true
    peerDependencies:
      '@types/node': '>= 14'
      less: '*'
      sass: '*'
      stylus: '*'
      sugarss: '*'
      terser: ^5.4.0
    peerDependenciesMeta:
      '@types/node':
        optional: true
      less:
        optional: true
      sass:
        optional: true
      stylus:
        optional: true
      sugarss:
        optional: true
      terser:
        optional: true
    dependencies:
      '@types/node': 18.14.4
      esbuild: 0.16.17
      postcss: 8.4.21
      resolve: 1.22.1
      rollup: 3.18.0
      sass: 1.58.3
    optionalDependencies:
      fsevents: 2.3.2
    dev: true

  /webidl-conversions/3.0.1:
    resolution: {integrity: sha512-2JAn3z8AR6rjK8Sm8orRC0h/bcl/DqL7tRPdGZ4I1CjdF+EaMLmYxBHyXuKL849eucPFhvBoxMsflfOb8kxaeQ==}
    dev: true

  /whatwg-url/5.0.0:
    resolution: {integrity: sha512-saE57nupxk6v3HY35+jzBwYa0rKSy0XR8JSxZPwgLr7ys0IBzhGviA1/TUGJLmSVqs8pb9AnvICXEuOHLprYTw==}
    dependencies:
      tr46: 0.0.3
      webidl-conversions: 3.0.1
    dev: true

  /wrappy/1.0.2:
    resolution: {integrity: sha512-l4Sp/DRseor9wL6EvV2+TuQn63dMkPjZ/sp9XkghTEbV9KlPS1xUsZ3u7/IQO4wxtcFB4bgpQPRcR3QCvezPcQ==}
    dev: true
