<?xml version="1.0" encoding="utf-8"?>
<Project ToolsVersion="4.0" xmlns="http://schemas.microsoft.com/developer/msbuild/2003">
  <ItemGroup>
    <Filter Include="src">
      <UniqueIdentifier>{4FC737F1-C7A5-4376-A066-2A32D752A2FF}</UniqueIdentifier>
      <Extensions>cpp;c;cc;cxx;def;odl;idl;hpj;bat;asm;asmx</Extensions>
    </Filter>
    <Filter Include="res">
      <UniqueIdentifier>{f7fb3482-8bb9-4289-8727-31c4e42d8158}</UniqueIdentifier>
    </Filter>
  </ItemGroup>
  <ItemGroup>
    <ClCompile Include="src\d3d9.cc">
      <Filter>src</Filter>
    </ClCompile>
    <ClCompile Include="src\dllmain.cc">
      <Filter>src</Filter>
    </ClCompile>
    <ClCompile Include="src\browser.cc">
      <Filter>src</Filter>
    </ClCompile>
    <ClCompile Include="src\renderer.cc">
      <Filter>src</Filter>
    </ClCompile>
    <ClCompile Include="src\dev_tools.cc">
      <Filter>src</Filter>
    </ClCompile>
    <ClCompile Include="src\loader.cc">
      <Filter>src</Filter>
    </ClCompile>
    <ClCompile Include="src\config.cc">
      <Filter>src</Filter>
    </ClCompile>
    <ClCompile Include="src\resource_handler.cc">
      <Filter>src</Filter>
    </ClCompile>
    <ClCompile Include="src\libcef.cc">
      <Filter>src</Filter>
    </ClCompile>
  </ItemGroup>
  <ItemGroup>
    <None Include="res\d3d9.def">
      <Filter>res</Filter>
    </None>
    <None Include="packages.config" />
  </ItemGroup>
  <ItemGroup>
    <ClInclude Include="src\ext_code.h">
      <Filter>src</Filter>
    </ClInclude>
    <ClInclude Include="src\internal.h">
      <Filter>src</Filter>
    </ClInclude>
  </ItemGroup>
  <ItemGroup>
    <ResourceCompile Include="res\d3d9.rc">
      <Filter>res</Filter>
    </ResourceCompile>
  </ItemGroup>
</Project>